
Microsoft Visual Studio Solution File, Format Version 12.00
# Visual Studio 2017
Project("{FAE04EC0-301F-11D3-BF4B-00C04F79EFBC}") = "Broken-Fates", "Broken-Fates.csproj", "{90E6B70B-F0C3-A08D-F634-734186A8F2D0}"
EndProject
Global
	GlobalSection(SolutionConfigurationPlatforms) = preSolution
		Debug|Any CPU = Debug|Any CPU
		Release|Any CPU = Release|Any CPU
	EndGlobalSection
	GlobalSection(ProjectConfigurationPlatforms) = postSolution
		{90E6B70B-F0C3-A08D-F634-734186A8F2D0}.Debug|Any CPU.ActiveCfg = Debug|Any CPU
		{90E6B70B-F0C3-A08D-F634-734186A8F2D0}.Debug|Any CPU.Build.0 = Debug|Any CPU
		{90E6B70B-F0C3-A08D-F634-734186A8F2D0}.Release|Any CPU.ActiveCfg = Release|Any CPU
		{90E6B70B-F0C3-A08D-F634-734186A8F2D0}.Release|Any CPU.Build.0 = Release|Any CPU
	EndGlobalSection
	GlobalSection(SolutionProperties) = preSolution
		HideSolutionNode = FALSE
	EndGlobalSection
EndGlobal
